{
  "version": 4,
  "terraform_version": "0.12.13",
  "serial": 264,
  "lineage": "30a10ee2-b4df-3f81-6637-72cbe41919f4",
  "outputs": {},
  "resources": [
    {
      "mode": "managed",
      "type": "aws_eip",
      "name": "eipNAT",
      "provider": "provider.aws",
      "instances": [
        {
          "schema_version": 0,
          "attributes": {
            "allocation_id": null,
            "associate_with_private_ip": null,
            "association_id": "",
            "domain": "vpc",
            "id": "eipalloc-0155cab0e0593c87a",
            "instance": "",
            "network_interface": "",
            "private_dns": null,
            "private_ip": "",
            "public_dns": "ec2-34-200-24-144.compute-1.amazonaws.com",
            "public_ip": "34.200.24.144",
            "public_ipv4_pool": "amazon",
            "tags": null,
            "timeouts": null,
            "vpc": true
          },
          "private": "eyJlMmJmYjczMC1lY2FhLTExZTYtOGY4OC0zNDM2M2JjN2M0YzAiOnsiZGVsZXRlIjoxODAwMDAwMDAwMDAsInJlYWQiOjkwMDAwMDAwMDAwMCwidXBkYXRlIjozMDAwMDAwMDAwMDB9fQ=="
        }
      ]
    },
    {
      "mode": "managed",
      "type": "aws_instance",
      "name": "dbInstance",
      "provider": "provider.aws",
      "instances": [
        {
          "status": "tainted",
          "schema_version": 1,
          "attributes": {
            "ami": "ami-04b9e92b5572fa0d1",
            "arn": "arn:aws:ec2:us-east-1:532323627252:instance/i-01c4f5fbc99d08440",
            "associate_public_ip_address": false,
            "availability_zone": "us-east-1a",
            "cpu_core_count": 1,
            "cpu_threads_per_core": 1,
            "credit_specification": [
              {
                "cpu_credits": "standard"
              }
            ],
            "disable_api_termination": false,
            "ebs_block_device": [],
            "ebs_optimized": false,
            "ephemeral_block_device": [],
            "get_password_data": false,
            "host_id": null,
            "iam_instance_profile": "",
            "id": "i-01c4f5fbc99d08440",
            "instance_initiated_shutdown_behavior": null,
            "instance_state": "running",
            "instance_type": "t2.micro",
            "ipv6_address_count": 0,
            "ipv6_addresses": [],
            "key_name": "dbKey",
            "monitoring": false,
            "network_interface": [],
            "network_interface_id": null,
            "password_data": "",
            "placement_group": "",
            "primary_network_interface_id": "eni-0a370ab0ea40efd91",
            "private_dns": "ip-10-0-2-123.ec2.internal",
            "private_ip": "10.0.2.123",
            "public_dns": "",
            "public_ip": "",
            "root_block_device": [
              {
                "delete_on_termination": true,
                "encrypted": false,
                "iops": 100,
                "kms_key_id": "",
                "volume_id": "vol-09355612dc6295001",
                "volume_size": 8,
                "volume_type": "gp2"
              }
            ],
            "security_groups": [
              "sg-0e0f7c6376d6ff927"
            ],
            "source_dest_check": true,
            "subnet_id": "subnet-0c95fe273e32047be",
            "tags": {
              "Name": "dbInstance"
            },
            "tenancy": "default",
            "timeouts": null,
            "user_data": "dcf8dd159aa07790d4d4cb5f5642e489f29f87da",
            "user_data_base64": null,
            "volume_tags": {},
            "vpc_security_group_ids": [
              "sg-0e0f7c6376d6ff927"
            ]
          },
          "private": "eyJlMmJmYjczMC1lY2FhLTExZTYtOGY4OC0zNDM2M2JjN2M0YzAiOnsiY3JlYXRlIjo2MDAwMDAwMDAwMDAsImRlbGV0ZSI6MTIwMDAwMDAwMDAwMCwidXBkYXRlIjo2MDAwMDAwMDAwMDB9LCJzY2hlbWFfdmVyc2lvbiI6IjEifQ==",
          "depends_on": [
            "aws_key_pair.dbKey",
            "aws_security_group.webSG",
            "aws_subnet.privateSubnets[\"10.0.2.0/24\"]"
          ]
        }
      ]
    },
    {
      "mode": "managed",
      "type": "aws_instance",
      "name": "webApp",
      "provider": "provider.aws",
      "instances": []
    },
    {
      "mode": "managed",
      "type": "aws_internet_gateway",
      "name": "mainGW",
      "provider": "provider.aws",
      "instances": [
        {
          "schema_version": 0,
          "attributes": {
            "id": "igw-0c7ef9bd391e62ca2",
            "owner_id": "532323627252",
            "tags": {
              "Name": "mainGateway"
            },
            "vpc_id": "vpc-0c7af0fae2a4e2f6c"
          },
          "private": "bnVsbA==",
          "depends_on": [
            "aws_vpc.mainVPC"
          ]
        }
      ]
    },
    {
      "mode": "managed",
      "type": "aws_key_pair",
      "name": "dbKey",
      "provider": "provider.aws",
      "instances": [
        {
          "schema_version": 1,
          "attributes": {
            "fingerprint": "9d:2d:9c:39:17:30:ae:65:1e:a7:08:92:16:db:c5:35",
            "id": "dbKey",
            "key_name": "dbKey",
            "key_name_prefix": null,
            "public_key": "ssh-rsa AAAAB3NzaC1yc2EAAAADAQABAAABAQDV/n1y8BsGwF628eqB5uHiyQvBuPy+GV4XCrV2h6akgcS7LRAVi2H+DKFUcIYp8oBFk66IqGTNZX/+/qKsp/KOTh4ZEBak4W32uqB5H9IgCS+E/fPEfOx8fxoTmv1F9h7/uKw0k8DibEt7J063KVh5EyU/wTxUMJ3Zbad+5aRprpzWHAOzUr63EiF1t4IhRd4077gLw6Z0l9gQrKX8eGyKdPRz95ytx7E268RellOSZLrw5lCd87P9gGnX4hBabL8xqvXUr5Y5GHp4PXzEl/iYmxQ3Vc3AsRs2yo6lqMD6ejJBUo1cdCrXRNVbyJ46atf0lieV0VjxIwGaemAFBjAl ubuntu@ip-172-31-86-215"
          },
          "private": "eyJzY2hlbWFfdmVyc2lvbiI6IjEifQ=="
        }
      ]
    },
    {
      "mode": "managed",
      "type": "aws_nat_gateway",
      "name": "natGW",
      "provider": "provider.aws",
      "instances": [
        {
          "schema_version": 0,
          "attributes": {
            "allocation_id": "eipalloc-0155cab0e0593c87a",
            "id": "nat-08a0a7b3aa9541034",
            "network_interface_id": "eni-0f9e54a6d3eb49ea6",
            "private_ip": "10.0.1.188",
            "public_ip": "34.200.24.144",
            "subnet_id": "subnet-0013427fdfec1b68b",
            "tags": {
              "Name": "natGateWay"
            }
          },
          "private": "bnVsbA==",
          "depends_on": [
            "aws_eip.eipNAT",
            "aws_subnet.publicSubnets[\"10.0.1.0/24\"]"
          ]
        }
      ]
    },
    {
      "mode": "managed",
      "type": "aws_route",
      "name": "privateRoute",
      "provider": "provider.aws",
      "instances": [
        {
          "schema_version": 0,
          "attributes": {
            "destination_cidr_block": "0.0.0.0/0",
            "destination_ipv6_cidr_block": null,
            "destination_prefix_list_id": "",
            "egress_only_gateway_id": "",
            "gateway_id": "",
            "id": "r-rtb-0a47de62d3bc06d1f1080289494",
            "instance_id": "",
            "instance_owner_id": "",
            "nat_gateway_id": "nat-08a0a7b3aa9541034",
            "network_interface_id": "",
            "origin": "CreateRoute",
            "route_table_id": "rtb-0a47de62d3bc06d1f",
            "state": "active",
            "timeouts": null,
            "transit_gateway_id": "",
            "vpc_peering_connection_id": ""
          },
          "private": "eyJlMmJmYjczMC1lY2FhLTExZTYtOGY4OC0zNDM2M2JjN2M0YzAiOnsiY3JlYXRlIjoxMjAwMDAwMDAwMDAsImRlbGV0ZSI6MzAwMDAwMDAwMDAwfX0=",
          "depends_on": [
            "aws_nat_gateway.natGW",
            "aws_route_table.privateRoute"
          ]
        }
      ]
    },
    {
      "mode": "managed",
      "type": "aws_route",
      "name": "publicRoute",
      "provider": "provider.aws",
      "instances": [
        {
          "schema_version": 0,
          "attributes": {
            "destination_cidr_block": "0.0.0.0/0",
            "destination_ipv6_cidr_block": null,
            "destination_prefix_list_id": "",
            "egress_only_gateway_id": "",
            "gateway_id": "igw-0c7ef9bd391e62ca2",
            "id": "r-rtb-0f5a87a62cc2f43d51080289494",
            "instance_id": "",
            "instance_owner_id": "",
            "nat_gateway_id": "",
            "network_interface_id": "",
            "origin": "CreateRoute",
            "route_table_id": "rtb-0f5a87a62cc2f43d5",
            "state": "active",
            "timeouts": null,
            "transit_gateway_id": "",
            "vpc_peering_connection_id": ""
          },
          "private": "eyJlMmJmYjczMC1lY2FhLTExZTYtOGY4OC0zNDM2M2JjN2M0YzAiOnsiY3JlYXRlIjoxMjAwMDAwMDAwMDAsImRlbGV0ZSI6MzAwMDAwMDAwMDAwfX0=",
          "depends_on": [
            "aws_internet_gateway.mainGW",
            "aws_route_table.publicRoute"
          ]
        }
      ]
    },
    {
      "mode": "managed",
      "type": "aws_route_table",
      "name": "privateRoute",
      "provider": "provider.aws",
      "instances": [
        {
          "schema_version": 0,
          "attributes": {
            "id": "rtb-0a47de62d3bc06d1f",
            "owner_id": "532323627252",
            "propagating_vgws": [],
            "route": [],
            "tags": {
              "Name": "privateRouteTable"
            },
            "vpc_id": "vpc-0c7af0fae2a4e2f6c"
          },
          "private": "bnVsbA==",
          "depends_on": [
            "aws_vpc.mainVPC"
          ]
        }
      ]
    },
    {
      "mode": "managed",
      "type": "aws_route_table",
      "name": "publicRoute",
      "provider": "provider.aws",
      "instances": [
        {
          "schema_version": 0,
          "attributes": {
            "id": "rtb-0f5a87a62cc2f43d5",
            "owner_id": "532323627252",
            "propagating_vgws": [],
            "route": [],
            "tags": {
              "Name": "publicRouteTable"
            },
            "vpc_id": "vpc-0c7af0fae2a4e2f6c"
          },
          "private": "bnVsbA==",
          "depends_on": [
            "aws_vpc.mainVPC"
          ]
        }
      ]
    },
    {
      "mode": "managed",
      "type": "aws_route_table_association",
      "name": "privateAssociation",
      "each": "map",
      "provider": "provider.aws",
      "instances": [
        {
          "index_key": "10.0.2.0/24",
          "schema_version": 0,
          "attributes": {
            "id": "rtbassoc-06f1417ed7ad08b2c",
            "route_table_id": "rtb-0a47de62d3bc06d1f",
            "subnet_id": "subnet-0c95fe273e32047be"
          },
          "private": "bnVsbA==",
          "depends_on": [
            "aws_route_table.privateRoute",
            "aws_subnet.privateSubnets"
          ]
        },
        {
          "index_key": "10.0.4.0/24",
          "schema_version": 0,
          "attributes": {
            "id": "rtbassoc-07852378eb372725a",
            "route_table_id": "rtb-0a47de62d3bc06d1f",
            "subnet_id": "subnet-04581fb1d73a3be7e"
          },
          "private": "bnVsbA==",
          "depends_on": [
            "aws_route_table.privateRoute",
            "aws_subnet.privateSubnets"
          ]
        },
        {
          "index_key": "10.0.6.0/24",
          "schema_version": 0,
          "attributes": {
            "id": "rtbassoc-0431931fe0577f60e",
            "route_table_id": "rtb-0a47de62d3bc06d1f",
            "subnet_id": "subnet-0d6a61049f7b702e2"
          },
          "private": "bnVsbA==",
          "depends_on": [
            "aws_route_table.privateRoute",
            "aws_subnet.privateSubnets"
          ]
        }
      ]
    },
    {
      "mode": "managed",
      "type": "aws_route_table_association",
      "name": "publicAssociation",
      "each": "map",
      "provider": "provider.aws",
      "instances": [
        {
          "index_key": "10.0.1.0/24",
          "schema_version": 0,
          "attributes": {
            "id": "rtbassoc-06198cc1fde63dc6c",
            "route_table_id": "rtb-0f5a87a62cc2f43d5",
            "subnet_id": "subnet-0013427fdfec1b68b"
          },
          "private": "bnVsbA==",
          "depends_on": [
            "aws_route_table.publicRoute",
            "aws_subnet.publicSubnets"
          ]
        },
        {
          "index_key": "10.0.3.0/24",
          "schema_version": 0,
          "attributes": {
            "id": "rtbassoc-0c2fd1179781a0835",
            "route_table_id": "rtb-0f5a87a62cc2f43d5",
            "subnet_id": "subnet-0c9cf42f7b57aac4d"
          },
          "private": "bnVsbA==",
          "depends_on": [
            "aws_route_table.publicRoute",
            "aws_subnet.publicSubnets"
          ]
        },
        {
          "index_key": "10.0.5.0/24",
          "schema_version": 0,
          "attributes": {
            "id": "rtbassoc-04c29075016b79214",
            "route_table_id": "rtb-0f5a87a62cc2f43d5",
            "subnet_id": "subnet-081e192fe2d6a30bd"
          },
          "private": "bnVsbA==",
          "depends_on": [
            "aws_route_table.publicRoute",
            "aws_subnet.publicSubnets"
          ]
        }
      ]
    },
    {
      "mode": "managed",
      "type": "aws_security_group",
      "name": "dbSG",
      "provider": "provider.aws",
      "instances": [
        {
          "schema_version": 1,
          "attributes": {
            "arn": "arn:aws:ec2:us-east-1:532323627252:security-group/sg-0bd2ac54c0124c524",
            "description": "Managed by Terraform",
            "egress": [
              {
                "cidr_blocks": [
                  "0.0.0.0/0"
                ],
                "description": "",
                "from_port": 0,
                "ipv6_cidr_blocks": [],
                "prefix_list_ids": [],
                "protocol": "-1",
                "security_groups": [],
                "self": false,
                "to_port": 0
              }
            ],
            "id": "sg-0bd2ac54c0124c524",
            "ingress": [
              {
                "cidr_blocks": [
                  "0.0.0.0/0"
                ],
                "description": "",
                "from_port": 3306,
                "ipv6_cidr_blocks": [],
                "prefix_list_ids": [],
                "protocol": "tcp",
                "security_groups": [],
                "self": false,
                "to_port": 3306
              }
            ],
            "name": "terraform-20191207220745911800000002",
            "name_prefix": null,
            "owner_id": "532323627252",
            "revoke_rules_on_delete": false,
            "tags": {
              "Name": "dbSG"
            },
            "timeouts": null,
            "vpc_id": "vpc-0c7af0fae2a4e2f6c"
          },
          "private": "eyJlMmJmYjczMC1lY2FhLTExZTYtOGY4OC0zNDM2M2JjN2M0YzAiOnsiY3JlYXRlIjo2MDAwMDAwMDAwMDAsImRlbGV0ZSI6NjAwMDAwMDAwMDAwfSwic2NoZW1hX3ZlcnNpb24iOiIxIn0=",
          "depends_on": [
            "aws_vpc.mainVPC"
          ]
        }
      ]
    },
    {
      "mode": "managed",
      "type": "aws_security_group",
      "name": "webSG",
      "provider": "provider.aws",
      "instances": [
        {
          "schema_version": 1,
          "attributes": {
            "arn": "arn:aws:ec2:us-east-1:532323627252:security-group/sg-0e0f7c6376d6ff927",
            "description": "Managed by Terraform",
            "egress": [
              {
                "cidr_blocks": [
                  "0.0.0.0/0"
                ],
                "description": "",
                "from_port": 0,
                "ipv6_cidr_blocks": [],
                "prefix_list_ids": [],
                "protocol": "-1",
                "security_groups": [],
                "self": false,
                "to_port": 0
              }
            ],
            "id": "sg-0e0f7c6376d6ff927",
            "ingress": [
              {
                "cidr_blocks": [
                  "0.0.0.0/0"
                ],
                "description": "",
                "from_port": 22,
                "ipv6_cidr_blocks": [],
                "prefix_list_ids": [],
                "protocol": "tcp",
                "security_groups": [],
                "self": false,
                "to_port": 22
              }
            ],
            "name": "terraform-20191207220745893900000001",
            "name_prefix": null,
            "owner_id": "532323627252",
            "revoke_rules_on_delete": false,
            "tags": {
              "Name": "webSG"
            },
            "timeouts": null,
            "vpc_id": "vpc-0c7af0fae2a4e2f6c"
          },
          "private": "eyJlMmJmYjczMC1lY2FhLTExZTYtOGY4OC0zNDM2M2JjN2M0YzAiOnsiY3JlYXRlIjo2MDAwMDAwMDAwMDAsImRlbGV0ZSI6NjAwMDAwMDAwMDAwfSwic2NoZW1hX3ZlcnNpb24iOiIxIn0=",
          "depends_on": [
            "aws_vpc.mainVPC"
          ]
        }
      ]
    },
    {
      "mode": "managed",
      "type": "aws_subnet",
      "name": "privateSubnets",
      "each": "map",
      "provider": "provider.aws",
      "instances": [
        {
          "index_key": "10.0.2.0/24",
          "schema_version": 1,
          "attributes": {
            "arn": "arn:aws:ec2:us-east-1:532323627252:subnet/subnet-0c95fe273e32047be",
            "assign_ipv6_address_on_creation": false,
            "availability_zone": "us-east-1a",
            "availability_zone_id": "use1-az2",
            "cidr_block": "10.0.2.0/24",
            "id": "subnet-0c95fe273e32047be",
            "ipv6_cidr_block": "",
            "ipv6_cidr_block_association_id": "",
            "map_public_ip_on_launch": false,
            "owner_id": "532323627252",
            "tags": {
              "Name": "PrivateSubnet-a"
            },
            "timeouts": null,
            "vpc_id": "vpc-0c7af0fae2a4e2f6c"
          },
          "private": "eyJlMmJmYjczMC1lY2FhLTExZTYtOGY4OC0zNDM2M2JjN2M0YzAiOnsiY3JlYXRlIjo2MDAwMDAwMDAwMDAsImRlbGV0ZSI6MTIwMDAwMDAwMDAwMH0sInNjaGVtYV92ZXJzaW9uIjoiMSJ9",
          "depends_on": [
            "aws_vpc.mainVPC"
          ]
        },
        {
          "index_key": "10.0.4.0/24",
          "schema_version": 1,
          "attributes": {
            "arn": "arn:aws:ec2:us-east-1:532323627252:subnet/subnet-04581fb1d73a3be7e",
            "assign_ipv6_address_on_creation": false,
            "availability_zone": "us-east-1b",
            "availability_zone_id": "use1-az4",
            "cidr_block": "10.0.4.0/24",
            "id": "subnet-04581fb1d73a3be7e",
            "ipv6_cidr_block": "",
            "ipv6_cidr_block_association_id": "",
            "map_public_ip_on_launch": false,
            "owner_id": "532323627252",
            "tags": {
              "Name": "PrivateSubnet-b"
            },
            "timeouts": null,
            "vpc_id": "vpc-0c7af0fae2a4e2f6c"
          },
          "private": "eyJlMmJmYjczMC1lY2FhLTExZTYtOGY4OC0zNDM2M2JjN2M0YzAiOnsiY3JlYXRlIjo2MDAwMDAwMDAwMDAsImRlbGV0ZSI6MTIwMDAwMDAwMDAwMH0sInNjaGVtYV92ZXJzaW9uIjoiMSJ9",
          "depends_on": [
            "aws_vpc.mainVPC"
          ]
        },
        {
          "index_key": "10.0.6.0/24",
          "schema_version": 1,
          "attributes": {
            "arn": "arn:aws:ec2:us-east-1:532323627252:subnet/subnet-0d6a61049f7b702e2",
            "assign_ipv6_address_on_creation": false,
            "availability_zone": "us-east-1c",
            "availability_zone_id": "use1-az6",
            "cidr_block": "10.0.6.0/24",
            "id": "subnet-0d6a61049f7b702e2",
            "ipv6_cidr_block": "",
            "ipv6_cidr_block_association_id": "",
            "map_public_ip_on_launch": false,
            "owner_id": "532323627252",
            "tags": {
              "Name": "PrivateSubnet-c"
            },
            "timeouts": null,
            "vpc_id": "vpc-0c7af0fae2a4e2f6c"
          },
          "private": "eyJlMmJmYjczMC1lY2FhLTExZTYtOGY4OC0zNDM2M2JjN2M0YzAiOnsiY3JlYXRlIjo2MDAwMDAwMDAwMDAsImRlbGV0ZSI6MTIwMDAwMDAwMDAwMH0sInNjaGVtYV92ZXJzaW9uIjoiMSJ9",
          "depends_on": [
            "aws_vpc.mainVPC"
          ]
        }
      ]
    },
    {
      "mode": "managed",
      "type": "aws_subnet",
      "name": "publicSubnets",
      "each": "map",
      "provider": "provider.aws",
      "instances": [
        {
          "index_key": "10.0.1.0/24",
          "schema_version": 1,
          "attributes": {
            "arn": "arn:aws:ec2:us-east-1:532323627252:subnet/subnet-0013427fdfec1b68b",
            "assign_ipv6_address_on_creation": false,
            "availability_zone": "us-east-1a",
            "availability_zone_id": "use1-az2",
            "cidr_block": "10.0.1.0/24",
            "id": "subnet-0013427fdfec1b68b",
            "ipv6_cidr_block": "",
            "ipv6_cidr_block_association_id": "",
            "map_public_ip_on_launch": true,
            "owner_id": "532323627252",
            "tags": {
              "Name": "publicSubnet-a"
            },
            "timeouts": null,
            "vpc_id": "vpc-0c7af0fae2a4e2f6c"
          },
          "private": "eyJlMmJmYjczMC1lY2FhLTExZTYtOGY4OC0zNDM2M2JjN2M0YzAiOnsiY3JlYXRlIjo2MDAwMDAwMDAwMDAsImRlbGV0ZSI6MTIwMDAwMDAwMDAwMH0sInNjaGVtYV92ZXJzaW9uIjoiMSJ9",
          "depends_on": [
            "aws_vpc.mainVPC"
          ]
        },
        {
          "index_key": "10.0.3.0/24",
          "schema_version": 1,
          "attributes": {
            "arn": "arn:aws:ec2:us-east-1:532323627252:subnet/subnet-0c9cf42f7b57aac4d",
            "assign_ipv6_address_on_creation": false,
            "availability_zone": "us-east-1b",
            "availability_zone_id": "use1-az4",
            "cidr_block": "10.0.3.0/24",
            "id": "subnet-0c9cf42f7b57aac4d",
            "ipv6_cidr_block": "",
            "ipv6_cidr_block_association_id": "",
            "map_public_ip_on_launch": true,
            "owner_id": "532323627252",
            "tags": {
              "Name": "publicSubnet-b"
            },
            "timeouts": null,
            "vpc_id": "vpc-0c7af0fae2a4e2f6c"
          },
          "private": "eyJlMmJmYjczMC1lY2FhLTExZTYtOGY4OC0zNDM2M2JjN2M0YzAiOnsiY3JlYXRlIjo2MDAwMDAwMDAwMDAsImRlbGV0ZSI6MTIwMDAwMDAwMDAwMH0sInNjaGVtYV92ZXJzaW9uIjoiMSJ9",
          "depends_on": [
            "aws_vpc.mainVPC"
          ]
        },
        {
          "index_key": "10.0.5.0/24",
          "schema_version": 1,
          "attributes": {
            "arn": "arn:aws:ec2:us-east-1:532323627252:subnet/subnet-081e192fe2d6a30bd",
            "assign_ipv6_address_on_creation": false,
            "availability_zone": "us-east-1c",
            "availability_zone_id": "use1-az6",
            "cidr_block": "10.0.5.0/24",
            "id": "subnet-081e192fe2d6a30bd",
            "ipv6_cidr_block": "",
            "ipv6_cidr_block_association_id": "",
            "map_public_ip_on_launch": true,
            "owner_id": "532323627252",
            "tags": {
              "Name": "publicSubnet-c"
            },
            "timeouts": null,
            "vpc_id": "vpc-0c7af0fae2a4e2f6c"
          },
          "private": "eyJlMmJmYjczMC1lY2FhLTExZTYtOGY4OC0zNDM2M2JjN2M0YzAiOnsiY3JlYXRlIjo2MDAwMDAwMDAwMDAsImRlbGV0ZSI6MTIwMDAwMDAwMDAwMH0sInNjaGVtYV92ZXJzaW9uIjoiMSJ9",
          "depends_on": [
            "aws_vpc.mainVPC"
          ]
        }
      ]
    },
    {
      "mode": "managed",
      "type": "aws_vpc",
      "name": "mainVPC",
      "provider": "provider.aws",
      "instances": [
        {
          "schema_version": 1,
          "attributes": {
            "arn": "arn:aws:ec2:us-east-1:532323627252:vpc/vpc-0c7af0fae2a4e2f6c",
            "assign_generated_ipv6_cidr_block": false,
            "cidr_block": "10.0.0.0/16",
            "default_network_acl_id": "acl-0fdf126c93e33679a",
            "default_route_table_id": "rtb-01eaf6d97675345c9",
            "default_security_group_id": "sg-0df815ab879ddf450",
            "dhcp_options_id": "dopt-c24fbcb8",
            "enable_classiclink": false,
            "enable_classiclink_dns_support": false,
            "enable_dns_hostnames": true,
            "enable_dns_support": true,
            "id": "vpc-0c7af0fae2a4e2f6c",
            "instance_tenancy": "default",
            "ipv6_association_id": "",
            "ipv6_cidr_block": "",
            "main_route_table_id": "rtb-01eaf6d97675345c9",
            "owner_id": "532323627252",
            "tags": {
              "Name": "MainVPC"
            }
          },
          "private": "eyJzY2hlbWFfdmVyc2lvbiI6IjEifQ=="
        }
      ]
    }
  ]
}
