{
  "version": 4,
  "terraform_version": "0.12.13",
  "serial": 216,
  "lineage": "30a10ee2-b4df-3f81-6637-72cbe41919f4",
  "outputs": {},
  "resources": [
    {
      "mode": "managed",
      "type": "aws_eip",
      "name": "eipNAT",
      "provider": "provider.aws",
      "instances": [
        {
          "schema_version": 0,
          "attributes": {
            "allocation_id": null,
            "associate_with_private_ip": null,
            "association_id": "",
            "domain": "vpc",
            "id": "eipalloc-0110c82ec36a94548",
            "instance": "",
            "network_interface": "",
            "private_dns": null,
            "private_ip": "",
            "public_dns": "ec2-52-6-86-233.compute-1.amazonaws.com",
            "public_ip": "52.6.86.233",
            "public_ipv4_pool": "amazon",
            "tags": null,
            "timeouts": null,
            "vpc": true
          },
          "private": "eyJlMmJmYjczMC1lY2FhLTExZTYtOGY4OC0zNDM2M2JjN2M0YzAiOnsiZGVsZXRlIjoxODAwMDAwMDAwMDAsInJlYWQiOjkwMDAwMDAwMDAwMCwidXBkYXRlIjozMDAwMDAwMDAwMDB9fQ=="
        }
      ]
    },
    {
      "mode": "managed",
      "type": "aws_instance",
      "name": "webApp",
      "provider": "provider.aws",
      "instances": [
        {
          "schema_version": 1,
          "attributes": {
            "ami": "ami-04b9e92b5572fa0d1",
            "arn": "arn:aws:ec2:us-east-1:532323627252:instance/i-0e98e949527e3ee8b",
            "associate_public_ip_address": true,
            "availability_zone": "us-east-1a",
            "cpu_core_count": 1,
            "cpu_threads_per_core": 1,
            "credit_specification": [
              {
                "cpu_credits": "standard"
              }
            ],
            "disable_api_termination": false,
            "ebs_block_device": [],
            "ebs_optimized": false,
            "ephemeral_block_device": [],
            "get_password_data": false,
            "host_id": null,
            "iam_instance_profile": "",
            "id": "i-0e98e949527e3ee8b",
            "instance_initiated_shutdown_behavior": null,
            "instance_state": "running",
            "instance_type": "t2.micro",
            "ipv6_address_count": 0,
            "ipv6_addresses": [],
            "key_name": "webKey",
            "monitoring": false,
            "network_interface": [],
            "network_interface_id": null,
            "password_data": "",
            "placement_group": "",
            "primary_network_interface_id": "eni-0ffd4ddc9e44f82a0",
            "private_dns": "ip-10-0-1-254.ec2.internal",
            "private_ip": "10.0.1.254",
            "public_dns": "ec2-54-243-15-49.compute-1.amazonaws.com",
            "public_ip": "54.243.15.49",
            "root_block_device": [
              {
                "delete_on_termination": true,
                "encrypted": false,
                "iops": 100,
                "kms_key_id": "",
                "volume_id": "vol-08b71449a847830d6",
                "volume_size": 8,
                "volume_type": "gp2"
              }
            ],
            "security_groups": [
              "sg-0792bdaf79e63316f"
            ],
            "source_dest_check": true,
            "subnet_id": "subnet-01b0542897f897b44",
            "tags": {
              "Name": "webApp"
            },
            "tenancy": "default",
            "timeouts": null,
            "user_data": "bf3b6bf5d0ed868af110e1f9d253650c88437e90",
            "user_data_base64": null,
            "volume_tags": {},
            "vpc_security_group_ids": [
              "sg-0792bdaf79e63316f"
            ]
          },
          "private": "eyJlMmJmYjczMC1lY2FhLTExZTYtOGY4OC0zNDM2M2JjN2M0YzAiOnsiY3JlYXRlIjo2MDAwMDAwMDAwMDAsImRlbGV0ZSI6MTIwMDAwMDAwMDAwMCwidXBkYXRlIjo2MDAwMDAwMDAwMDB9LCJzY2hlbWFfdmVyc2lvbiI6IjEifQ==",
          "depends_on": [
            "aws_key_pair.webKey",
            "aws_security_group.webSG",
            "aws_subnet.publicSubnets[\"10.0.1.0/24\"]"
          ]
        }
      ]
    },
    {
      "mode": "managed",
      "type": "aws_internet_gateway",
      "name": "mainGW",
      "provider": "provider.aws",
      "instances": [
        {
          "schema_version": 0,
          "attributes": {
            "id": "igw-071461327e6779715",
            "owner_id": "532323627252",
            "tags": {
              "Name": "mainGateway"
            },
            "vpc_id": "vpc-0793c4a2131e22b17"
          },
          "private": "bnVsbA==",
          "depends_on": [
            "aws_vpc.mainVPC"
          ]
        }
      ]
    },
    {
      "mode": "managed",
      "type": "aws_key_pair",
      "name": "webKey",
      "provider": "provider.aws",
      "instances": [
        {
          "schema_version": 1,
          "attributes": {
            "fingerprint": "14:41:c7:ea:c8:e4:ed:88:25:da:64:e3:c8:fd:4f:6b",
            "id": "webKey",
            "key_name": "webKey",
            "key_name_prefix": null,
            "public_key": "ssh-rsa AAAAB3NzaC1yc2EAAAADAQABAAABAQDtFgBFmP6OdIHCaUHUZQ9ljK0ft7G2poFWKP2KlNbgwKU0R+Rhpe1ivCpUuzRU0Y/ZoZrLYo0A0F17TGyQiEHSOgB40Kpzr+S4bhr5JO0SAcyDI7qK/RPR2j38oiqnQM4X3Nbu3zecSGEiTrcv5993638x1WppFgAjjTTUoYMf4IIB9ZkHtgZ3ijctd4iKOGq4UJvL8cqNWv5H5dArvf4k/ER2HeYmGC8oYFo8KpSfNjwP6UfqvNWe0P7AxylmDQddQAG8T4Aafb1HIDb+pDMdC7j1vKLP3RptdU0z0Giiiji8IBBNVr/hskHOTG1g1YW1rmRz66y2x/pqHNgWvDkt ubuntu@ip-172-31-86-215"
          },
          "private": "eyJzY2hlbWFfdmVyc2lvbiI6IjEifQ=="
        }
      ]
    },
    {
      "mode": "managed",
      "type": "aws_nat_gateway",
      "name": "natGW",
      "provider": "provider.aws",
      "instances": [
        {
          "schema_version": 0,
          "attributes": {
            "allocation_id": "eipalloc-0110c82ec36a94548",
            "id": "nat-08cbc6c05c3a7ed88",
            "network_interface_id": "eni-09cc4d553e995009c",
            "private_ip": "10.0.1.156",
            "public_ip": "52.6.86.233",
            "subnet_id": "subnet-01b0542897f897b44",
            "tags": {
              "Name": "natGateWay"
            }
          },
          "private": "bnVsbA==",
          "depends_on": [
            "aws_eip.eipNAT",
            "aws_subnet.publicSubnets[\"10.0.1.0/24\"]"
          ]
        }
      ]
    },
    {
      "mode": "managed",
      "type": "aws_route",
      "name": "privateRoute",
      "provider": "provider.aws",
      "instances": [
        {
          "schema_version": 0,
          "attributes": {
            "destination_cidr_block": "0.0.0.0/0",
            "destination_ipv6_cidr_block": null,
            "destination_prefix_list_id": "",
            "egress_only_gateway_id": "",
            "gateway_id": "",
            "id": "r-rtb-0e6828cc12dfe8fd21080289494",
            "instance_id": "",
            "instance_owner_id": "",
            "nat_gateway_id": "nat-08cbc6c05c3a7ed88",
            "network_interface_id": "",
            "origin": "CreateRoute",
            "route_table_id": "rtb-0e6828cc12dfe8fd2",
            "state": "active",
            "timeouts": null,
            "transit_gateway_id": "",
            "vpc_peering_connection_id": ""
          },
          "private": "eyJlMmJmYjczMC1lY2FhLTExZTYtOGY4OC0zNDM2M2JjN2M0YzAiOnsiY3JlYXRlIjoxMjAwMDAwMDAwMDAsImRlbGV0ZSI6MzAwMDAwMDAwMDAwfX0=",
          "depends_on": [
            "aws_nat_gateway.natGW",
            "aws_route_table.privateRoute"
          ]
        }
      ]
    },
    {
      "mode": "managed",
      "type": "aws_route",
      "name": "publicRoute",
      "provider": "provider.aws",
      "instances": [
        {
          "schema_version": 0,
          "attributes": {
            "destination_cidr_block": "0.0.0.0/0",
            "destination_ipv6_cidr_block": null,
            "destination_prefix_list_id": "",
            "egress_only_gateway_id": "",
            "gateway_id": "igw-071461327e6779715",
            "id": "r-rtb-0636afad303f43dab1080289494",
            "instance_id": "",
            "instance_owner_id": "",
            "nat_gateway_id": "",
            "network_interface_id": "",
            "origin": "CreateRoute",
            "route_table_id": "rtb-0636afad303f43dab",
            "state": "active",
            "timeouts": null,
            "transit_gateway_id": "",
            "vpc_peering_connection_id": ""
          },
          "private": "eyJlMmJmYjczMC1lY2FhLTExZTYtOGY4OC0zNDM2M2JjN2M0YzAiOnsiY3JlYXRlIjoxMjAwMDAwMDAwMDAsImRlbGV0ZSI6MzAwMDAwMDAwMDAwfX0=",
          "depends_on": [
            "aws_internet_gateway.mainGW",
            "aws_route_table.publicRoute"
          ]
        }
      ]
    },
    {
      "mode": "managed",
      "type": "aws_route_table",
      "name": "privateRoute",
      "provider": "provider.aws",
      "instances": [
        {
          "schema_version": 0,
          "attributes": {
            "id": "rtb-0e6828cc12dfe8fd2",
            "owner_id": "532323627252",
            "propagating_vgws": [],
            "route": [],
            "tags": {
              "Name": "privateRouteTable"
            },
            "vpc_id": "vpc-0793c4a2131e22b17"
          },
          "private": "bnVsbA==",
          "depends_on": [
            "aws_vpc.mainVPC"
          ]
        }
      ]
    },
    {
      "mode": "managed",
      "type": "aws_route_table",
      "name": "publicRoute",
      "provider": "provider.aws",
      "instances": [
        {
          "schema_version": 0,
          "attributes": {
            "id": "rtb-0636afad303f43dab",
            "owner_id": "532323627252",
            "propagating_vgws": [],
            "route": [],
            "tags": {
              "Name": "publicRouteTable"
            },
            "vpc_id": "vpc-0793c4a2131e22b17"
          },
          "private": "bnVsbA==",
          "depends_on": [
            "aws_vpc.mainVPC"
          ]
        }
      ]
    },
    {
      "mode": "managed",
      "type": "aws_route_table_association",
      "name": "privateAssociation",
      "each": "map",
      "provider": "provider.aws",
      "instances": [
        {
          "index_key": "10.0.2.0/24",
          "schema_version": 0,
          "attributes": {
            "id": "rtbassoc-0161aa0b173de6126",
            "route_table_id": "rtb-0e6828cc12dfe8fd2",
            "subnet_id": "subnet-00393bfc0c9fc4f44"
          },
          "private": "bnVsbA==",
          "depends_on": [
            "aws_route_table.privateRoute",
            "aws_subnet.privateSubnets"
          ]
        },
        {
          "index_key": "10.0.4.0/24",
          "schema_version": 0,
          "attributes": {
            "id": "rtbassoc-03d67d0cb35ac6e62",
            "route_table_id": "rtb-0e6828cc12dfe8fd2",
            "subnet_id": "subnet-07df78abf176c245b"
          },
          "private": "bnVsbA==",
          "depends_on": [
            "aws_route_table.privateRoute",
            "aws_subnet.privateSubnets"
          ]
        },
        {
          "index_key": "10.0.6.0/24",
          "schema_version": 0,
          "attributes": {
            "id": "rtbassoc-089d188fa4d9883c0",
            "route_table_id": "rtb-0e6828cc12dfe8fd2",
            "subnet_id": "subnet-0e7a1750703330dce"
          },
          "private": "bnVsbA==",
          "depends_on": [
            "aws_route_table.privateRoute",
            "aws_subnet.privateSubnets"
          ]
        }
      ]
    },
    {
      "mode": "managed",
      "type": "aws_route_table_association",
      "name": "publicAssociation",
      "each": "map",
      "provider": "provider.aws",
      "instances": [
        {
          "index_key": "10.0.1.0/24",
          "schema_version": 0,
          "attributes": {
            "id": "rtbassoc-05e79bb5c5b193cbb",
            "route_table_id": "rtb-0636afad303f43dab",
            "subnet_id": "subnet-01b0542897f897b44"
          },
          "private": "bnVsbA==",
          "depends_on": [
            "aws_route_table.publicRoute",
            "aws_subnet.publicSubnets"
          ]
        },
        {
          "index_key": "10.0.3.0/24",
          "schema_version": 0,
          "attributes": {
            "id": "rtbassoc-084c09362a86a32f6",
            "route_table_id": "rtb-0636afad303f43dab",
            "subnet_id": "subnet-00d09fde84e9c4a40"
          },
          "private": "bnVsbA==",
          "depends_on": [
            "aws_route_table.publicRoute",
            "aws_subnet.publicSubnets"
          ]
        },
        {
          "index_key": "10.0.5.0/24",
          "schema_version": 0,
          "attributes": {
            "id": "rtbassoc-0afcae724bedab18c",
            "route_table_id": "rtb-0636afad303f43dab",
            "subnet_id": "subnet-04b3583aad775cec6"
          },
          "private": "bnVsbA==",
          "depends_on": [
            "aws_route_table.publicRoute",
            "aws_subnet.publicSubnets"
          ]
        }
      ]
    },
    {
      "mode": "managed",
      "type": "aws_security_group",
      "name": "webSG",
      "provider": "provider.aws",
      "instances": [
        {
          "schema_version": 1,
          "attributes": {
            "arn": "arn:aws:ec2:us-east-1:532323627252:security-group/sg-0792bdaf79e63316f",
            "description": "Managed by Terraform",
            "egress": [
              {
                "cidr_blocks": [
                  "0.0.0.0/0"
                ],
                "description": "",
                "from_port": 0,
                "ipv6_cidr_blocks": [],
                "prefix_list_ids": [],
                "protocol": "-1",
                "security_groups": [],
                "self": false,
                "to_port": 0
              }
            ],
            "id": "sg-0792bdaf79e63316f",
            "ingress": [
              {
                "cidr_blocks": [
                  "0.0.0.0/0"
                ],
                "description": "",
                "from_port": 22,
                "ipv6_cidr_blocks": [],
                "prefix_list_ids": [],
                "protocol": "tcp",
                "security_groups": [],
                "self": false,
                "to_port": 22
              }
            ],
            "name": "terraform-20191203102930861700000001",
            "name_prefix": null,
            "owner_id": "532323627252",
            "revoke_rules_on_delete": false,
            "tags": {
              "Name": "webSG"
            },
            "timeouts": null,
            "vpc_id": "vpc-0793c4a2131e22b17"
          },
          "private": "eyJlMmJmYjczMC1lY2FhLTExZTYtOGY4OC0zNDM2M2JjN2M0YzAiOnsiY3JlYXRlIjo2MDAwMDAwMDAwMDAsImRlbGV0ZSI6NjAwMDAwMDAwMDAwfSwic2NoZW1hX3ZlcnNpb24iOiIxIn0=",
          "depends_on": [
            "aws_vpc.mainVPC"
          ]
        }
      ]
    },
    {
      "mode": "managed",
      "type": "aws_subnet",
      "name": "privateSubnets",
      "each": "map",
      "provider": "provider.aws",
      "instances": [
        {
          "index_key": "10.0.2.0/24",
          "schema_version": 1,
          "attributes": {
            "arn": "arn:aws:ec2:us-east-1:532323627252:subnet/subnet-00393bfc0c9fc4f44",
            "assign_ipv6_address_on_creation": false,
            "availability_zone": "us-east-1a",
            "availability_zone_id": "use1-az2",
            "cidr_block": "10.0.2.0/24",
            "id": "subnet-00393bfc0c9fc4f44",
            "ipv6_cidr_block": "",
            "ipv6_cidr_block_association_id": "",
            "map_public_ip_on_launch": false,
            "owner_id": "532323627252",
            "tags": {
              "Name": "PrivateSubnet-a"
            },
            "timeouts": null,
            "vpc_id": "vpc-0793c4a2131e22b17"
          },
          "private": "eyJlMmJmYjczMC1lY2FhLTExZTYtOGY4OC0zNDM2M2JjN2M0YzAiOnsiY3JlYXRlIjo2MDAwMDAwMDAwMDAsImRlbGV0ZSI6MTIwMDAwMDAwMDAwMH0sInNjaGVtYV92ZXJzaW9uIjoiMSJ9",
          "depends_on": [
            "aws_vpc.mainVPC"
          ]
        },
        {
          "index_key": "10.0.4.0/24",
          "schema_version": 1,
          "attributes": {
            "arn": "arn:aws:ec2:us-east-1:532323627252:subnet/subnet-07df78abf176c245b",
            "assign_ipv6_address_on_creation": false,
            "availability_zone": "us-east-1b",
            "availability_zone_id": "use1-az4",
            "cidr_block": "10.0.4.0/24",
            "id": "subnet-07df78abf176c245b",
            "ipv6_cidr_block": "",
            "ipv6_cidr_block_association_id": "",
            "map_public_ip_on_launch": false,
            "owner_id": "532323627252",
            "tags": {
              "Name": "PrivateSubnet-b"
            },
            "timeouts": null,
            "vpc_id": "vpc-0793c4a2131e22b17"
          },
          "private": "eyJlMmJmYjczMC1lY2FhLTExZTYtOGY4OC0zNDM2M2JjN2M0YzAiOnsiY3JlYXRlIjo2MDAwMDAwMDAwMDAsImRlbGV0ZSI6MTIwMDAwMDAwMDAwMH0sInNjaGVtYV92ZXJzaW9uIjoiMSJ9",
          "depends_on": [
            "aws_vpc.mainVPC"
          ]
        },
        {
          "index_key": "10.0.6.0/24",
          "schema_version": 1,
          "attributes": {
            "arn": "arn:aws:ec2:us-east-1:532323627252:subnet/subnet-0e7a1750703330dce",
            "assign_ipv6_address_on_creation": false,
            "availability_zone": "us-east-1c",
            "availability_zone_id": "use1-az6",
            "cidr_block": "10.0.6.0/24",
            "id": "subnet-0e7a1750703330dce",
            "ipv6_cidr_block": "",
            "ipv6_cidr_block_association_id": "",
            "map_public_ip_on_launch": false,
            "owner_id": "532323627252",
            "tags": {
              "Name": "PrivateSubnet-c"
            },
            "timeouts": null,
            "vpc_id": "vpc-0793c4a2131e22b17"
          },
          "private": "eyJlMmJmYjczMC1lY2FhLTExZTYtOGY4OC0zNDM2M2JjN2M0YzAiOnsiY3JlYXRlIjo2MDAwMDAwMDAwMDAsImRlbGV0ZSI6MTIwMDAwMDAwMDAwMH0sInNjaGVtYV92ZXJzaW9uIjoiMSJ9",
          "depends_on": [
            "aws_vpc.mainVPC"
          ]
        }
      ]
    },
    {
      "mode": "managed",
      "type": "aws_subnet",
      "name": "publicSubnets",
      "each": "map",
      "provider": "provider.aws",
      "instances": [
        {
          "index_key": "10.0.1.0/24",
          "schema_version": 1,
          "attributes": {
            "arn": "arn:aws:ec2:us-east-1:532323627252:subnet/subnet-01b0542897f897b44",
            "assign_ipv6_address_on_creation": false,
            "availability_zone": "us-east-1a",
            "availability_zone_id": "use1-az2",
            "cidr_block": "10.0.1.0/24",
            "id": "subnet-01b0542897f897b44",
            "ipv6_cidr_block": "",
            "ipv6_cidr_block_association_id": "",
            "map_public_ip_on_launch": true,
            "owner_id": "532323627252",
            "tags": {
              "Name": "publicSubnet-a"
            },
            "timeouts": null,
            "vpc_id": "vpc-0793c4a2131e22b17"
          },
          "private": "eyJlMmJmYjczMC1lY2FhLTExZTYtOGY4OC0zNDM2M2JjN2M0YzAiOnsiY3JlYXRlIjo2MDAwMDAwMDAwMDAsImRlbGV0ZSI6MTIwMDAwMDAwMDAwMH0sInNjaGVtYV92ZXJzaW9uIjoiMSJ9",
          "depends_on": [
            "aws_vpc.mainVPC"
          ]
        },
        {
          "index_key": "10.0.3.0/24",
          "schema_version": 1,
          "attributes": {
            "arn": "arn:aws:ec2:us-east-1:532323627252:subnet/subnet-00d09fde84e9c4a40",
            "assign_ipv6_address_on_creation": false,
            "availability_zone": "us-east-1b",
            "availability_zone_id": "use1-az4",
            "cidr_block": "10.0.3.0/24",
            "id": "subnet-00d09fde84e9c4a40",
            "ipv6_cidr_block": "",
            "ipv6_cidr_block_association_id": "",
            "map_public_ip_on_launch": true,
            "owner_id": "532323627252",
            "tags": {
              "Name": "publicSubnet-b"
            },
            "timeouts": null,
            "vpc_id": "vpc-0793c4a2131e22b17"
          },
          "private": "eyJlMmJmYjczMC1lY2FhLTExZTYtOGY4OC0zNDM2M2JjN2M0YzAiOnsiY3JlYXRlIjo2MDAwMDAwMDAwMDAsImRlbGV0ZSI6MTIwMDAwMDAwMDAwMH0sInNjaGVtYV92ZXJzaW9uIjoiMSJ9",
          "depends_on": [
            "aws_vpc.mainVPC"
          ]
        },
        {
          "index_key": "10.0.5.0/24",
          "schema_version": 1,
          "attributes": {
            "arn": "arn:aws:ec2:us-east-1:532323627252:subnet/subnet-04b3583aad775cec6",
            "assign_ipv6_address_on_creation": false,
            "availability_zone": "us-east-1c",
            "availability_zone_id": "use1-az6",
            "cidr_block": "10.0.5.0/24",
            "id": "subnet-04b3583aad775cec6",
            "ipv6_cidr_block": "",
            "ipv6_cidr_block_association_id": "",
            "map_public_ip_on_launch": true,
            "owner_id": "532323627252",
            "tags": {
              "Name": "publicSubnet-c"
            },
            "timeouts": null,
            "vpc_id": "vpc-0793c4a2131e22b17"
          },
          "private": "eyJlMmJmYjczMC1lY2FhLTExZTYtOGY4OC0zNDM2M2JjN2M0YzAiOnsiY3JlYXRlIjo2MDAwMDAwMDAwMDAsImRlbGV0ZSI6MTIwMDAwMDAwMDAwMH0sInNjaGVtYV92ZXJzaW9uIjoiMSJ9",
          "depends_on": [
            "aws_vpc.mainVPC"
          ]
        }
      ]
    },
    {
      "mode": "managed",
      "type": "aws_vpc",
      "name": "mainVPC",
      "provider": "provider.aws",
      "instances": [
        {
          "schema_version": 1,
          "attributes": {
            "arn": "arn:aws:ec2:us-east-1:532323627252:vpc/vpc-0793c4a2131e22b17",
            "assign_generated_ipv6_cidr_block": false,
            "cidr_block": "10.0.0.0/16",
            "default_network_acl_id": "acl-076827f0d8c3e8374",
            "default_route_table_id": "rtb-065adf142efc11473",
            "default_security_group_id": "sg-05569225a9740f9dd",
            "dhcp_options_id": "dopt-c24fbcb8",
            "enable_classiclink": false,
            "enable_classiclink_dns_support": false,
            "enable_dns_hostnames": true,
            "enable_dns_support": true,
            "id": "vpc-0793c4a2131e22b17",
            "instance_tenancy": "default",
            "ipv6_association_id": "",
            "ipv6_cidr_block": "",
            "main_route_table_id": "rtb-065adf142efc11473",
            "owner_id": "532323627252",
            "tags": {
              "Name": "MainVPC"
            }
          },
          "private": "eyJzY2hlbWFfdmVyc2lvbiI6IjEifQ=="
        }
      ]
    }
  ]
}
